
Microsoft Visual Studio Solution File, Format Version 12.00
# Visual Studio Version 17
VisualStudioVersion = 17.5.33530.505
MinimumVisualStudioVersion = 10.0.40219.1
Project("{FAE04EC0-301F-11D3-BF4B-00C04F79EFBC}") = "WebSampleApplicationAPI", "WebSampleApplicationAPI.csproj", "{C85E4623-90E2-4BC3-A6B7-83681FD260EB}"
EndProject
Global
	GlobalSection(SolutionConfigurationPlatforms) = preSolution
		Debug|Any CPU = Debug|Any CPU
		Release|Any CPU = Release|Any CPU
	EndGlobalSection
	GlobalSection(ProjectConfigurationPlatforms) = postSolution
		{C85E4623-90E2-4BC3-A6B7-83681FD260EB}.Debug|Any CPU.ActiveCfg = Debug|Any CPU
		{C85E4623-90E2-4BC3-A6B7-83681FD260EB}.Debug|Any CPU.Build.0 = Debug|Any CPU
		{C85E4623-90E2-4BC3-A6B7-83681FD260EB}.Release|Any CPU.ActiveCfg = Release|Any CPU
		{C85E4623-90E2-4BC3-A6B7-83681FD260EB}.Release|Any CPU.Build.0 = Release|Any CPU
	EndGlobalSection
	GlobalSection(SolutionProperties) = preSolution
		HideSolutionNode = FALSE
	EndGlobalSection
	GlobalSection(ExtensibilityGlobals) = postSolution
		SolutionGuid = {0DC04A7A-E04D-45BC-B40B-DE5813D7397D}
	EndGlobalSection
EndGlobal
